// !$*UTF8*$!
{
	archiveVersion = 1;
	classes = {
	};
	objectVersion = 56;
	objects = {

/* Begin PBXBuildFile section */
		0E6541542CAA84090027AB77 /* UserListCell.swift in Sources */ = {isa = PBXBuildFile; fileRef = 0E6541532CAA84090027AB77 /* UserListCell.swift */; };
		0E6541562CAA8E8A0027AB77 /* CollectionView+Ext.swift in Sources */ = {isa = PBXBuildFile; fileRef = 0E6541552CAA8E8A0027AB77 /* CollectionView+Ext.swift */; };
		0E9AE3E42CA41C9800B939DA /* AppDelegate.swift in Sources */ = {isa = PBXBuildFile; fileRef = 0E9AE3E32CA41C9800B939DA /* AppDelegate.swift */; };
		0E9AE3E62CA41C9800B939DA /* SceneDelegate.swift in Sources */ = {isa = PBXBuildFile; fileRef = 0E9AE3E52CA41C9800B939DA /* SceneDelegate.swift */; };
		0E9AE3E82CA41C9800B939DA /* UserListViewController.swift in Sources */ = {isa = PBXBuildFile; fileRef = 0E9AE3E72CA41C9800B939DA /* UserListViewController.swift */; };
		0E9AE3ED2CA41C9900B939DA /* Assets.xcassets in Resources */ = {isa = PBXBuildFile; fileRef = 0E9AE3EC2CA41C9900B939DA /* Assets.xcassets */; };
		0E9AE3F02CA41C9900B939DA /* Base in Resources */ = {isa = PBXBuildFile; fileRef = 0E9AE3EF2CA41C9900B939DA /* Base */; };
		0E9AE3FC2CA41F6D00B939DA /* NetworkManager.swift in Sources */ = {isa = PBXBuildFile; fileRef = 0E9AE3FB2CA41F6D00B939DA /* NetworkManager.swift */; };
		0E9AE3FF2CA421A500B939DA /* File in Resources */ = {isa = PBXBuildFile; fileRef = 0E9AE3FE2CA421A500B939DA /* File */; };
		0E9AE4012CA4228000B939DA /* EndPoint.swift in Sources */ = {isa = PBXBuildFile; fileRef = 0E9AE4002CA4228000B939DA /* EndPoint.swift */; };
		0E9AE4042CA4325600B939DA /* User.swift in Sources */ = {isa = PBXBuildFile; fileRef = 0E9AE4032CA4325600B939DA /* User.swift */; };
		0E9AE4062CA43DBD00B939DA /* UserListViewModel.swift in Sources */ = {isa = PBXBuildFile; fileRef = 0E9AE4052CA43DBD00B939DA /* UserListViewModel.swift */; };
		0EF7B1242CA51C910076A92A /* UserService.swift in Sources */ = {isa = PBXBuildFile; fileRef = 0EF7B1232CA51C910076A92A /* UserService.swift */; };
		0EF7B1292CA52C6F0076A92A /* UserListContracts.swift in Sources */ = {isa = PBXBuildFile; fileRef = 0EF7B1282CA52C6F0076A92A /* UserListContracts.swift */; };
		0EF7B12B2CA52D010076A92A /* UserListBuilder.swift in Sources */ = {isa = PBXBuildFile; fileRef = 0EF7B12A2CA52D010076A92A /* UserListBuilder.swift */; };
		0EF7B12D2CA52D650076A92A /* AppRouter.swift in Sources */ = {isa = PBXBuildFile; fileRef = 0EF7B12C2CA52D650076A92A /* AppRouter.swift */; };
		0EF7B12F2CA52D6D0076A92A /* AppContainer.swift in Sources */ = {isa = PBXBuildFile; fileRef = 0EF7B12E2CA52D6D0076A92A /* AppContainer.swift */; };
		0EF7B1312CA681F80076A92A /* UserPresentation.swift in Sources */ = {isa = PBXBuildFile; fileRef = 0EF7B1302CA681F80076A92A /* UserPresentation.swift */; };
		0EF7B1342CA68E940076A92A /* CGFloat+Ext.swift in Sources */ = {isa = PBXBuildFile; fileRef = 0EF7B1332CA68E940076A92A /* CGFloat+Ext.swift */; };
		0EF7B1372CA691330076A92A /* CollectionViewHelper.swift in Sources */ = {isa = PBXBuildFile; fileRef = 0EF7B1362CA691330076A92A /* CollectionViewHelper.swift */; };
		0EF7B1392CA694860076A92A /* UIView+Ext.swift in Sources */ = {isa = PBXBuildFile; fileRef = 0EF7B1382CA694860076A92A /* UIView+Ext.swift */; };
/* End PBXBuildFile section */

/* Begin PBXFileReference section */
		0E6541532CAA84090027AB77 /* UserListCell.swift */ = {isa = PBXFileReference; lastKnownFileType = sourcecode.swift; path = UserListCell.swift; sourceTree = "<group>"; };
		0E6541552CAA8E8A0027AB77 /* CollectionView+Ext.swift */ = {isa = PBXFileReference; lastKnownFileType = sourcecode.swift; path = "CollectionView+Ext.swift"; sourceTree = "<group>"; };
		0E9AE3E02CA41C9800B939DA /* Generic Network Layer.app */ = {isa = PBXFileReference; explicitFileType = wrapper.application; includeInIndex = 0; path = "Generic Network Layer.app"; sourceTree = BUILT_PRODUCTS_DIR; };
		0E9AE3E32CA41C9800B939DA /* AppDelegate.swift */ = {isa = PBXFileReference; lastKnownFileType = sourcecode.swift; path = AppDelegate.swift; sourceTree = "<group>"; };
		0E9AE3E52CA41C9800B939DA /* SceneDelegate.swift */ = {isa = PBXFileReference; lastKnownFileType = sourcecode.swift; path = SceneDelegate.swift; sourceTree = "<group>"; };
		0E9AE3E72CA41C9800B939DA /* UserListViewController.swift */ = {isa = PBXFileReference; lastKnownFileType = sourcecode.swift; path = UserListViewController.swift; sourceTree = "<group>"; };
		0E9AE3EC2CA41C9900B939DA /* Assets.xcassets */ = {isa = PBXFileReference; lastKnownFileType = folder.assetcatalog; path = Assets.xcassets; sourceTree = "<group>"; };
		0E9AE3EF2CA41C9900B939DA /* Base */ = {isa = PBXFileReference; lastKnownFileType = file.storyboard; name = Base; path = Base.lproj/LaunchScreen.storyboard; sourceTree = "<group>"; };
		0E9AE3F12CA41C9900B939DA /* Info.plist */ = {isa = PBXFileReference; lastKnownFileType = text.plist.xml; path = Info.plist; sourceTree = "<group>"; };
		0E9AE3FB2CA41F6D00B939DA /* NetworkManager.swift */ = {isa = PBXFileReference; lastKnownFileType = sourcecode.swift; path = NetworkManager.swift; sourceTree = "<group>"; };
		0E9AE3FE2CA421A500B939DA /* File */ = {isa = PBXFileReference; lastKnownFileType = text; path = File; sourceTree = "<group>"; };
		0E9AE4002CA4228000B939DA /* EndPoint.swift */ = {isa = PBXFileReference; lastKnownFileType = sourcecode.swift; path = EndPoint.swift; sourceTree = "<group>"; };
		0E9AE4032CA4325600B939DA /* User.swift */ = {isa = PBXFileReference; lastKnownFileType = sourcecode.swift; path = User.swift; sourceTree = "<group>"; };
		0E9AE4052CA43DBD00B939DA /* UserListViewModel.swift */ = {isa = PBXFileReference; lastKnownFileType = sourcecode.swift; path = UserListViewModel.swift; sourceTree = "<group>"; };
		0EF7B1232CA51C910076A92A /* UserService.swift */ = {isa = PBXFileReference; lastKnownFileType = sourcecode.swift; name = UserService.swift; path = "Generic Network Layer/Service/Services/UserService.swift"; sourceTree = SOURCE_ROOT; };
		0EF7B1282CA52C6F0076A92A /* UserListContracts.swift */ = {isa = PBXFileReference; lastKnownFileType = sourcecode.swift; path = UserListContracts.swift; sourceTree = "<group>"; };
		0EF7B12A2CA52D010076A92A /* UserListBuilder.swift */ = {isa = PBXFileReference; lastKnownFileType = sourcecode.swift; path = UserListBuilder.swift; sourceTree = "<group>"; };
		0EF7B12C2CA52D650076A92A /* AppRouter.swift */ = {isa = PBXFileReference; lastKnownFileType = sourcecode.swift; path = AppRouter.swift; sourceTree = "<group>"; };
		0EF7B12E2CA52D6D0076A92A /* AppContainer.swift */ = {isa = PBXFileReference; lastKnownFileType = sourcecode.swift; path = AppContainer.swift; sourceTree = "<group>"; };
		0EF7B1302CA681F80076A92A /* UserPresentation.swift */ = {isa = PBXFileReference; lastKnownFileType = sourcecode.swift; path = UserPresentation.swift; sourceTree = "<group>"; };
		0EF7B1332CA68E940076A92A /* CGFloat+Ext.swift */ = {isa = PBXFileReference; lastKnownFileType = sourcecode.swift; path = "CGFloat+Ext.swift"; sourceTree = "<group>"; };
		0EF7B1362CA691330076A92A /* CollectionViewHelper.swift */ = {isa = PBXFileReference; lastKnownFileType = sourcecode.swift; path = CollectionViewHelper.swift; sourceTree = "<group>"; };
		0EF7B1382CA694860076A92A /* UIView+Ext.swift */ = {isa = PBXFileReference; lastKnownFileType = sourcecode.swift; path = "UIView+Ext.swift"; sourceTree = "<group>"; };
/* End PBXFileReference section */

/* Begin PBXFrameworksBuildPhase section */
		0E9AE3DD2CA41C9800B939DA /* Frameworks */ = {
			isa = PBXFrameworksBuildPhase;
			buildActionMask = 2147483647;
			files = (
			);
			runOnlyForDeploymentPostprocessing = 0;
		};
/* End PBXFrameworksBuildPhase section */

/* Begin PBXGroup section */
		0E65415A2CAAB4480027AB77 /* Custom View */ = {
			isa = PBXGroup;
			children = (
				0E65415B2CAAB4560027AB77 /* Cell */,
			);
			path = "Custom View";
			sourceTree = "<group>";
		};
		0E65415B2CAAB4560027AB77 /* Cell */ = {
			isa = PBXGroup;
			children = (
				0E6541532CAA84090027AB77 /* UserListCell.swift */,
			);
			path = Cell;
			sourceTree = "<group>";
		};
		0E9AE3D72CA41C9800B939DA = {
			isa = PBXGroup;
			children = (
				0E9AE3E22CA41C9800B939DA /* Generic Network Layer */,
				0E9AE3E12CA41C9800B939DA /* Products */,
			);
			sourceTree = "<group>";
		};
		0E9AE3E12CA41C9800B939DA /* Products */ = {
			isa = PBXGroup;
			children = (
				0E9AE3E02CA41C9800B939DA /* Generic Network Layer.app */,
			);
			name = Products;
			sourceTree = "<group>";
		};
		0E9AE3E22CA41C9800B939DA /* Generic Network Layer */ = {
			isa = PBXGroup;
			children = (
				0E9AE3FD2CA4219700B939DA /* Comment */,
				0E9AE4022CA4324300B939DA /* Model */,
				0E9AE3FA2CA41F5900B939DA /* Service */,
				0E9AE3F72CA41CD300B939DA /* Scenes */,
				0E65415A2CAAB4480027AB77 /* Custom View */,
				0EF7B1322CA68E680076A92A /* Extensions */,
				0EF7B1352CA6911B0076A92A /* Helper */,
				0E9AE3F82CA41CDC00B939DA /* App */,
				0E9AE3F92CA41CE600B939DA /* Supporting Files */,
			);
			path = "Generic Network Layer";
			sourceTree = "<group>";
		};
		0E9AE3F72CA41CD300B939DA /* Scenes */ = {
			isa = PBXGroup;
			children = (
				0E9AE3E72CA41C9800B939DA /* UserListViewController.swift */,
				0E9AE4052CA43DBD00B939DA /* UserListViewModel.swift */,
				0EF7B1282CA52C6F0076A92A /* UserListContracts.swift */,
				0EF7B12A2CA52D010076A92A /* UserListBuilder.swift */,
				0EF7B1302CA681F80076A92A /* UserPresentation.swift */,
			);
			path = Scenes;
			sourceTree = "<group>";
		};
		0E9AE3F82CA41CDC00B939DA /* App */ = {
			isa = PBXGroup;
			children = (
				0E9AE3E52CA41C9800B939DA /* SceneDelegate.swift */,
				0EF7B12C2CA52D650076A92A /* AppRouter.swift */,
				0EF7B12E2CA52D6D0076A92A /* AppContainer.swift */,
				0E9AE3E32CA41C9800B939DA /* AppDelegate.swift */,
			);
			path = App;
			sourceTree = "<group>";
		};
		0E9AE3F92CA41CE600B939DA /* Supporting Files */ = {
			isa = PBXGroup;
			children = (
				0E9AE3F12CA41C9900B939DA /* Info.plist */,
				0E9AE3EC2CA41C9900B939DA /* Assets.xcassets */,
				0E9AE3EE2CA41C9900B939DA /* LaunchScreen.storyboard */,
			);
			path = "Supporting Files";
			sourceTree = "<group>";
		};
		0E9AE3FA2CA41F5900B939DA /* Service */ = {
			isa = PBXGroup;
			children = (
				0EF7B1222CA51C730076A92A /* NetworkLayer */,
				0EF7B1212CA51C6C0076A92A /* Services */,
			);
			path = Service;
			sourceTree = "<group>";
		};
		0E9AE3FD2CA4219700B939DA /* Comment */ = {
			isa = PBXGroup;
			children = (
				0E9AE3FE2CA421A500B939DA /* File */,
			);
			path = Comment;
			sourceTree = "<group>";
		};
		0E9AE4022CA4324300B939DA /* Model */ = {
			isa = PBXGroup;
			children = (
				0E9AE4032CA4325600B939DA /* User.swift */,
			);
			path = Model;
			sourceTree = "<group>";
		};
		0EF7B1212CA51C6C0076A92A /* Services */ = {
			isa = PBXGroup;
			children = (
				0EF7B1232CA51C910076A92A /* UserService.swift */,
			);
			path = Services;
			sourceTree = "<group>";
		};
		0EF7B1222CA51C730076A92A /* NetworkLayer */ = {
			isa = PBXGroup;
			children = (
				0E9AE3FB2CA41F6D00B939DA /* NetworkManager.swift */,
				0E9AE4002CA4228000B939DA /* EndPoint.swift */,
			);
			path = NetworkLayer;
			sourceTree = "<group>";
		};
		0EF7B1322CA68E680076A92A /* Extensions */ = {
			isa = PBXGroup;
			children = (
				0EF7B1332CA68E940076A92A /* CGFloat+Ext.swift */,
				0EF7B1382CA694860076A92A /* UIView+Ext.swift */,
				0E6541552CAA8E8A0027AB77 /* CollectionView+Ext.swift */,
			);
			path = Extensions;
			sourceTree = "<group>";
		};
		0EF7B1352CA6911B0076A92A /* Helper */ = {
			isa = PBXGroup;
			children = (
				0EF7B1362CA691330076A92A /* CollectionViewHelper.swift */,
			);
			path = Helper;
			sourceTree = "<group>";
		};
/* End PBXGroup section */

/* Begin PBXNativeTarget section */
		0E9AE3DF2CA41C9800B939DA /* Generic Network Layer */ = {
			isa = PBXNativeTarget;
			buildConfigurationList = 0E9AE3F42CA41C9900B939DA /* Build configuration list for PBXNativeTarget "Generic Network Layer" */;
			buildPhases = (
				0E9AE3DC2CA41C9800B939DA /* Sources */,
				0E9AE3DD2CA41C9800B939DA /* Frameworks */,
				0E9AE3DE2CA41C9800B939DA /* Resources */,
			);
			buildRules = (
			);
			dependencies = (
			);
			name = "Generic Network Layer";
			productName = "Generic Network Layer";
			productReference = 0E9AE3E02CA41C9800B939DA /* Generic Network Layer.app */;
			productType = "com.apple.product-type.application";
		};
/* End PBXNativeTarget section */

/* Begin PBXProject section */
		0E9AE3D82CA41C9800B939DA /* Project object */ = {
			isa = PBXProject;
			attributes = {
				BuildIndependentTargetsInParallel = 1;
				LastSwiftUpdateCheck = 1540;
				LastUpgradeCheck = 1540;
				TargetAttributes = {
					0E9AE3DF2CA41C9800B939DA = {
						CreatedOnToolsVersion = 15.4;
					};
				};
			};
			buildConfigurationList = 0E9AE3DB2CA41C9800B939DA /* Build configuration list for PBXProject "Generic Network Layer" */;
			compatibilityVersion = "Xcode 14.0";
			developmentRegion = en;
			hasScannedForEncodings = 0;
			knownRegions = (
				en,
				Base,
			);
			mainGroup = 0E9AE3D72CA41C9800B939DA;
			productRefGroup = 0E9AE3E12CA41C9800B939DA /* Products */;
			projectDirPath = "";
			projectRoot = "";
			targets = (
				0E9AE3DF2CA41C9800B939DA /* Generic Network Layer */,
			);
		};
/* End PBXProject section */

/* Begin PBXResourcesBuildPhase section */
		0E9AE3DE2CA41C9800B939DA /* Resources */ = {
			isa = PBXResourcesBuildPhase;
			buildActionMask = 2147483647;
			files = (
				0E9AE3ED2CA41C9900B939DA /* Assets.xcassets in Resources */,
				0E9AE3F02CA41C9900B939DA /* Base in Resources */,
				0E9AE3FF2CA421A500B939DA /* File in Resources */,
			);
			runOnlyForDeploymentPostprocessing = 0;
		};
/* End PBXResourcesBuildPhase section */

/* Begin PBXSourcesBuildPhase section */
		0E9AE3DC2CA41C9800B939DA /* Sources */ = {
			isa = PBXSourcesBuildPhase;
			buildActionMask = 2147483647;
			files = (
				0EF7B1392CA694860076A92A /* UIView+Ext.swift in Sources */,
				0EF7B1292CA52C6F0076A92A /* UserListContracts.swift in Sources */,
				0EF7B1242CA51C910076A92A /* UserService.swift in Sources */,
				0EF7B1372CA691330076A92A /* CollectionViewHelper.swift in Sources */,
				0E9AE3FC2CA41F6D00B939DA /* NetworkManager.swift in Sources */,
				0E9AE3E82CA41C9800B939DA /* UserListViewController.swift in Sources */,
				0E9AE4042CA4325600B939DA /* User.swift in Sources */,
				0EF7B12F2CA52D6D0076A92A /* AppContainer.swift in Sources */,
				0E9AE4012CA4228000B939DA /* EndPoint.swift in Sources */,
				0E9AE3E42CA41C9800B939DA /* AppDelegate.swift in Sources */,
				0EF7B12D2CA52D650076A92A /* AppRouter.swift in Sources */,
				0EF7B1312CA681F80076A92A /* UserPresentation.swift in Sources */,
				0E9AE3E62CA41C9800B939DA /* SceneDelegate.swift in Sources */,
				0EF7B12B2CA52D010076A92A /* UserListBuilder.swift in Sources */,
				0EF7B1342CA68E940076A92A /* CGFloat+Ext.swift in Sources */,
				0E6541542CAA84090027AB77 /* UserListCell.swift in Sources */,
				0E6541562CAA8E8A0027AB77 /* CollectionView+Ext.swift in Sources */,
				0E9AE4062CA43DBD00B939DA /* UserListViewModel.swift in Sources */,
			);
			runOnlyForDeploymentPostprocessing = 0;
		};
/* End PBXSourcesBuildPhase section */

/* Begin PBXVariantGroup section */
		0E9AE3EE2CA41C9900B939DA /* LaunchScreen.storyboard */ = {
			isa = PBXVariantGroup;
			children = (
				0E9AE3EF2CA41C9900B939DA /* Base */,
			);
			name = LaunchScreen.storyboard;
			sourceTree = "<group>";
		};
/* End PBXVariantGroup section */

/* Begin XCBuildConfiguration section */
		0E9AE3F22CA41C9900B939DA /* Debug */ = {
			isa = XCBuildConfiguration;
			buildSettings = {
				ALWAYS_SEARCH_USER_PATHS = NO;
				ASSETCATALOG_COMPILER_GENERATE_SWIFT_ASSET_SYMBOL_EXTENSIONS = YES;
				CLANG_ANALYZER_NONNULL = YES;
				CLANG_ANALYZER_NUMBER_OBJECT_CONVERSION = YES_AGGRESSIVE;
				CLANG_CXX_LANGUAGE_STANDARD = "gnu++20";
				CLANG_ENABLE_MODULES = YES;
				CLANG_ENABLE_OBJC_ARC = YES;
				CLANG_ENABLE_OBJC_WEAK = YES;
				CLANG_WARN_BLOCK_CAPTURE_AUTORELEASING = YES;
				CLANG_WARN_BOOL_CONVERSION = YES;
				CLANG_WARN_COMMA = YES;
				CLANG_WARN_CONSTANT_CONVERSION = YES;
				CLANG_WARN_DEPRECATED_OBJC_IMPLEMENTATIONS = YES;
				CLANG_WARN_DIRECT_OBJC_ISA_USAGE = YES_ERROR;
				CLANG_WARN_DOCUMENTATION_COMMENTS = YES;
				CLANG_WARN_EMPTY_BODY = YES;
				CLANG_WARN_ENUM_CONVERSION = YES;
				CLANG_WARN_INFINITE_RECURSION = YES;
				CLANG_WARN_INT_CONVERSION = YES;
				CLANG_WARN_NON_LITERAL_NULL_CONVERSION = YES;
				CLANG_WARN_OBJC_IMPLICIT_RETAIN_SELF = YES;
				CLANG_WARN_OBJC_LITERAL_CONVERSION = YES;
				CLANG_WARN_OBJC_ROOT_CLASS = YES_ERROR;
				CLANG_WARN_QUOTED_INCLUDE_IN_FRAMEWORK_HEADER = YES;
				CLANG_WARN_RANGE_LOOP_ANALYSIS = YES;
				CLANG_WARN_STRICT_PROTOTYPES = YES;
				CLANG_WARN_SUSPICIOUS_MOVE = YES;
				CLANG_WARN_UNGUARDED_AVAILABILITY = YES_AGGRESSIVE;
				CLANG_WARN_UNREACHABLE_CODE = YES;
				CLANG_WARN__DUPLICATE_METHOD_MATCH = YES;
				COPY_PHASE_STRIP = NO;
				DEBUG_INFORMATION_FORMAT = dwarf;
				ENABLE_STRICT_OBJC_MSGSEND = YES;
				ENABLE_TESTABILITY = YES;
				ENABLE_USER_SCRIPT_SANDBOXING = YES;
				GCC_C_LANGUAGE_STANDARD = gnu17;
				GCC_DYNAMIC_NO_PIC = NO;
				GCC_NO_COMMON_BLOCKS = YES;
				GCC_OPTIMIZATION_LEVEL = 0;
				GCC_PREPROCESSOR_DEFINITIONS = (
					"DEBUG=1",
					"$(inherited)",
				);
				GCC_WARN_64_TO_32_BIT_CONVERSION = YES;
				GCC_WARN_ABOUT_RETURN_TYPE = YES_ERROR;
				GCC_WARN_UNDECLARED_SELECTOR = YES;
				GCC_WARN_UNINITIALIZED_AUTOS = YES_AGGRESSIVE;
				GCC_WARN_UNUSED_FUNCTION = YES;
				GCC_WARN_UNUSED_VARIABLE = YES;
				IPHONEOS_DEPLOYMENT_TARGET = 17.5;
				LOCALIZATION_PREFERS_STRING_CATALOGS = YES;
				MTL_ENABLE_DEBUG_INFO = INCLUDE_SOURCE;
				MTL_FAST_MATH = YES;
				ONLY_ACTIVE_ARCH = YES;
				SDKROOT = iphoneos;
				SWIFT_ACTIVE_COMPILATION_CONDITIONS = "DEBUG $(inherited)";
				SWIFT_OPTIMIZATION_LEVEL = "-Onone";
			};
			name = Debug;
		};
		0E9AE3F32CA41C9900B939DA /* Release */ = {
			isa = XCBuildConfiguration;
			buildSettings = {
				ALWAYS_SEARCH_USER_PATHS = NO;
				ASSETCATALOG_COMPILER_GENERATE_SWIFT_ASSET_SYMBOL_EXTENSIONS = YES;
				CLANG_ANALYZER_NONNULL = YES;
				CLANG_ANALYZER_NUMBER_OBJECT_CONVERSION = YES_AGGRESSIVE;
				CLANG_CXX_LANGUAGE_STANDARD = "gnu++20";
				CLANG_ENABLE_MODULES = YES;
				CLANG_ENABLE_OBJC_ARC = YES;
				CLANG_ENABLE_OBJC_WEAK = YES;
				CLANG_WARN_BLOCK_CAPTURE_AUTORELEASING = YES;
				CLANG_WARN_BOOL_CONVERSION = YES;
				CLANG_WARN_COMMA = YES;
				CLANG_WARN_CONSTANT_CONVERSION = YES;
				CLANG_WARN_DEPRECATED_OBJC_IMPLEMENTATIONS = YES;
				CLANG_WARN_DIRECT_OBJC_ISA_USAGE = YES_ERROR;
				CLANG_WARN_DOCUMENTATION_COMMENTS = YES;
				CLANG_WARN_EMPTY_BODY = YES;
				CLANG_WARN_ENUM_CONVERSION = YES;
				CLANG_WARN_INFINITE_RECURSION = YES;
				CLANG_WARN_INT_CONVERSION = YES;
				CLANG_WARN_NON_LITERAL_NULL_CONVERSION = YES;
				CLANG_WARN_OBJC_IMPLICIT_RETAIN_SELF = YES;
				CLANG_WARN_OBJC_LITERAL_CONVERSION = YES;
				CLANG_WARN_OBJC_ROOT_CLASS = YES_ERROR;
				CLANG_WARN_QUOTED_INCLUDE_IN_FRAMEWORK_HEADER = YES;
				CLANG_WARN_RANGE_LOOP_ANALYSIS = YES;
				CLANG_WARN_STRICT_PROTOTYPES = YES;
				CLANG_WARN_SUSPICIOUS_MOVE = YES;
				CLANG_WARN_UNGUARDED_AVAILABILITY = YES_AGGRESSIVE;
				CLANG_WARN_UNREACHABLE_CODE = YES;
				CLANG_WARN__DUPLICATE_METHOD_MATCH = YES;
				COPY_PHASE_STRIP = NO;
				DEBUG_INFORMATION_FORMAT = "dwarf-with-dsym";
				ENABLE_NS_ASSERTIONS = NO;
				ENABLE_STRICT_OBJC_MSGSEND = YES;
				ENABLE_USER_SCRIPT_SANDBOXING = YES;
				GCC_C_LANGUAGE_STANDARD = gnu17;
				GCC_NO_COMMON_BLOCKS = YES;
				GCC_WARN_64_TO_32_BIT_CONVERSION = YES;
				GCC_WARN_ABOUT_RETURN_TYPE = YES_ERROR;
				GCC_WARN_UNDECLARED_SELECTOR = YES;
				GCC_WARN_UNINITIALIZED_AUTOS = YES_AGGRESSIVE;
				GCC_WARN_UNUSED_FUNCTION = YES;
				GCC_WARN_UNUSED_VARIABLE = YES;
				IPHONEOS_DEPLOYMENT_TARGET = 17.5;
				LOCALIZATION_PREFERS_STRING_CATALOGS = YES;
				MTL_ENABLE_DEBUG_INFO = NO;
				MTL_FAST_MATH = YES;
				SDKROOT = iphoneos;
				SWIFT_COMPILATION_MODE = wholemodule;
				VALIDATE_PRODUCT = YES;
			};
			name = Release;
		};
		0E9AE3F52CA41C9900B939DA /* Debug */ = {
			isa = XCBuildConfiguration;
			buildSettings = {
				ASSETCATALOG_COMPILER_APPICON_NAME = AppIcon;
				ASSETCATALOG_COMPILER_GLOBAL_ACCENT_COLOR_NAME = AccentColor;
				CODE_SIGN_STYLE = Automatic;
				CURRENT_PROJECT_VERSION = 1;
				DEVELOPMENT_TEAM = 6HT5X4W7TW;
				GENERATE_INFOPLIST_FILE = YES;
				INFOPLIST_FILE = "/Users/ahmettunahanbekdas/Documents/Swift UIKit Projects/Generic Network Layer/Generic Network Layer/Supporting Files/Info.plist";
				INFOPLIST_KEY_UIApplicationSupportsIndirectInputEvents = YES;
				INFOPLIST_KEY_UILaunchStoryboardName = LaunchScreen;
				INFOPLIST_KEY_UISupportedInterfaceOrientations_iPad = "UIInterfaceOrientationPortrait UIInterfaceOrientationPortraitUpsideDown UIInterfaceOrientationLandscapeLeft UIInterfaceOrientationLandscapeRight";
				INFOPLIST_KEY_UISupportedInterfaceOrientations_iPhone = "UIInterfaceOrientationPortrait UIInterfaceOrientationLandscapeLeft UIInterfaceOrientationLandscapeRight";
				LD_RUNPATH_SEARCH_PATHS = (
					"$(inherited)",
					"@executable_path/Frameworks",
				);
				MARKETING_VERSION = 1.0;
				PRODUCT_BUNDLE_IDENTIFIER = "com.ahmettunahanbekdas.Generic-Network-Layer";
				PRODUCT_NAME = "$(TARGET_NAME)";
				SWIFT_EMIT_LOC_STRINGS = YES;
				SWIFT_VERSION = 5.0;
				TARGETED_DEVICE_FAMILY = "1,2";
			};
			name = Debug;
		};
		0E9AE3F62CA41C9900B939DA /* Release */ = {
			isa = XCBuildConfiguration;
			buildSettings = {
				ASSETCATALOG_COMPILER_APPICON_NAME = AppIcon;
				ASSETCATALOG_COMPILER_GLOBAL_ACCENT_COLOR_NAME = AccentColor;
				CODE_SIGN_STYLE = Automatic;
				CURRENT_PROJECT_VERSION = 1;
				DEVELOPMENT_TEAM = 6HT5X4W7TW;
				GENERATE_INFOPLIST_FILE = YES;
				INFOPLIST_FILE = "/Users/ahmettunahanbekdas/Documents/Swift UIKit Projects/Generic Network Layer/Generic Network Layer/Supporting Files/Info.plist";
				INFOPLIST_KEY_UIApplicationSupportsIndirectInputEvents = YES;
				INFOPLIST_KEY_UILaunchStoryboardName = LaunchScreen;
				INFOPLIST_KEY_UISupportedInterfaceOrientations_iPad = "UIInterfaceOrientationPortrait UIInterfaceOrientationPortraitUpsideDown UIInterfaceOrientationLandscapeLeft UIInterfaceOrientationLandscapeRight";
				INFOPLIST_KEY_UISupportedInterfaceOrientations_iPhone = "UIInterfaceOrientationPortrait UIInterfaceOrientationLandscapeLeft UIInterfaceOrientationLandscapeRight";
				LD_RUNPATH_SEARCH_PATHS = (
					"$(inherited)",
					"@executable_path/Frameworks",
				);
				MARKETING_VERSION = 1.0;
				PRODUCT_BUNDLE_IDENTIFIER = "com.ahmettunahanbekdas.Generic-Network-Layer";
				PRODUCT_NAME = "$(TARGET_NAME)";
				SWIFT_EMIT_LOC_STRINGS = YES;
				SWIFT_VERSION = 5.0;
				TARGETED_DEVICE_FAMILY = "1,2";
			};
			name = Release;
		};
/* End XCBuildConfiguration section */

/* Begin XCConfigurationList section */
		0E9AE3DB2CA41C9800B939DA /* Build configuration list for PBXProject "Generic Network Layer" */ = {
			isa = XCConfigurationList;
			buildConfigurations = (
				0E9AE3F22CA41C9900B939DA /* Debug */,
				0E9AE3F32CA41C9900B939DA /* Release */,
			);
			defaultConfigurationIsVisible = 0;
			defaultConfigurationName = Release;
		};
		0E9AE3F42CA41C9900B939DA /* Build configuration list for PBXNativeTarget "Generic Network Layer" */ = {
			isa = XCConfigurationList;
			buildConfigurations = (
				0E9AE3F52CA41C9900B939DA /* Debug */,
				0E9AE3F62CA41C9900B939DA /* Release */,
			);
			defaultConfigurationIsVisible = 0;
			defaultConfigurationName = Release;
		};
/* End XCConfigurationList section */
	};
	rootObject = 0E9AE3D82CA41C9800B939DA /* Project object */;
}
